
Microsoft Visual Studio Solution File, Format Version 12.00
# Visual Studio Version 18
VisualStudioVersion = 18.3.11312.210
MinimumVisualStudioVersion = 10.0.40219.1
Project("{FAE04EC0-301F-11D3-BF4B-00C04F79EFBC}") = "TaskHub.API", "src\TaskHub.API.csproj", "{9E9C0A06-9405-629D-F815-E1BF686EC869}"
EndProject
Project("{FAE04EC0-301F-11D3-BF4B-00C04F79EFBC}") = "TaskHub.Tests", "tests\TaskHub.Tests.csproj", "{919BECDD-326D-4ADB-9F6A-AD3F1A0261D2}"
EndProject
Global
	GlobalSection(SolutionConfigurationPlatforms) = preSolution
		Debug|Any CPU = Debug|Any CPU
		Release|Any CPU = Release|Any CPU
	EndGlobalSection
	GlobalSection(ProjectConfigurationPlatforms) = postSolution
		{9E9C0A06-9405-629D-F815-E1BF686EC869}.Debug|Any CPU.ActiveCfg = Debug|Any CPU
		{9E9C0A06-9405-629D-F815-E1BF686EC869}.Debug|Any CPU.Build.0 = Debug|Any CPU
		{9E9C0A06-9405-629D-F815-E1BF686EC869}.Release|Any CPU.ActiveCfg = Release|Any CPU
		{9E9C0A06-9405-629D-F815-E1BF686EC869}.Release|Any CPU.Build.0 = Release|Any CPU
		{919BECDD-326D-4ADB-9F6A-AD3F1A0261D2}.Debug|Any CPU.ActiveCfg = Debug|Any CPU
		{919BECDD-326D-4ADB-9F6A-AD3F1A0261D2}.Debug|Any CPU.Build.0 = Debug|Any CPU
		{919BECDD-326D-4ADB-9F6A-AD3F1A0261D2}.Release|Any CPU.ActiveCfg = Release|Any CPU
		{919BECDD-326D-4ADB-9F6A-AD3F1A0261D2}.Release|Any CPU.Build.0 = Release|Any CPU
	EndGlobalSection
	GlobalSection(SolutionProperties) = preSolution
		HideSolutionNode = FALSE
	EndGlobalSection
	GlobalSection(ExtensibilityGlobals) = postSolution
		SolutionGuid = {23AC4BA8-8501-4D2A-B21C-4BA7A800C935}
	EndGlobalSection
EndGlobal
